version = 1
requires-python = ">=3.12"

[[package]]
name = "colorama"
version = "0.4.6"
source = { registry = "https://pypi.org/simple" }
sdist = { url = "https://files.pythonhosted.org/packages/d8/53/6f443c9a4a8358a93a6792e2acffb9d9d5cb0a5cfd8802644b7b1c9a02e4/colorama-0.4.6.tar.gz", hash = "sha256:08695f5cb7ed6e0531a20572697297273c47b8cae5a63ffc6d6ed5c201be6e44", size = 27697 }
wheels = [
    { url = "https://files.pythonhosted.org/packages/d1/d6/3965ed04c63042e047cb6a3e6ed1a63a35087b6a609aa3a15ed8ac56c221/colorama-0.4.6-py2.py3-none-any.whl", hash = "sha256:4f1d9991f5acc0ca119f9d443620b77f9d6b33703e51011c16baf57afb285fc6", size = 25335 },
]

[[package]]
name = "fonttools"
version = "4.54.1"
source = { registry = "https://pypi.org/simple" }
sdist = { url = "https://files.pythonhosted.org/packages/11/1d/70b58e342e129f9c0ce030029fb4b2b0670084bbbfe1121d008f6a1e361c/fonttools-4.54.1.tar.gz", hash = "sha256:957f669d4922f92c171ba01bef7f29410668db09f6c02111e22b2bce446f3285", size = 3463867 }
wheels = [
    { url = "https://files.pythonhosted.org/packages/27/b6/f9d365932dcefefdcc794985f8846471e60932070c557e0f66ed195fccec/fonttools-4.54.1-cp312-cp312-macosx_10_13_universal2.whl", hash = "sha256:54471032f7cb5fca694b5f1a0aaeba4af6e10ae989df408e0216f7fd6cdc405d", size = 2761873 },
    { url = "https://files.pythonhosted.org/packages/67/9d/cfbfe36e5061a8f68b154454ba2304eb01f40d4ba9b63e41d9058909baed/fonttools-4.54.1-cp312-cp312-macosx_11_0_arm64.whl", hash = "sha256:8fa92cb248e573daab8d032919623cc309c005086d743afb014c836636166f08", size = 2251828 },
    { url = "https://files.pythonhosted.org/packages/90/41/5573e074739efd9227dd23647724f01f6f07ad062fe09d02e91c5549dcf7/fonttools-4.54.1-cp312-cp312-manylinux_2_17_aarch64.manylinux2014_aarch64.whl", hash = "sha256:0a911591200114969befa7f2cb74ac148bce5a91df5645443371aba6d222e263", size = 4792544 },
    { url = "https://files.pythonhosted.org/packages/08/07/aa85cc62abcc940b25d14b542cf585eebf4830032a7f6a1395d696bb3231/fonttools-4.54.1-cp312-cp312-manylinux_2_5_x86_64.manylinux1_x86_64.manylinux_2_17_x86_64.manylinux2014_x86_64.whl", hash = "sha256:93d458c8a6a354dc8b48fc78d66d2a8a90b941f7fec30e94c7ad9982b1fa6bab", size = 4875892 },
    { url = "https://files.pythonhosted.org/packages/47/23/c5726c2615446c498a976bed21c35a242a97eee39930a2655d616ca885cc/fonttools-4.54.1-cp312-cp312-musllinux_1_2_aarch64.whl", hash = "sha256:5eb2474a7c5be8a5331146758debb2669bf5635c021aee00fd7c353558fc659d", size = 4769822 },
    { url = "https://files.pythonhosted.org/packages/8f/7b/87f7f7d35e0732ac67422dfa6f05e2b568fb6ca2dcd7f3e4f500293cfd75/fonttools-4.54.1-cp312-cp312-musllinux_1_2_x86_64.whl", hash = "sha256:c9c563351ddc230725c4bdf7d9e1e92cbe6ae8553942bd1fb2b2ff0884e8b714", size = 5029455 },
    { url = "https://files.pythonhosted.org/packages/e0/09/241aa498587889576838aa73c78d22b70ce06970807a5475d372baa7ccb7/fonttools-4.54.1-cp312-cp312-win32.whl", hash = "sha256:fdb062893fd6d47b527d39346e0c5578b7957dcea6d6a3b6794569370013d9ac", size = 2154411 },
    { url = "https://files.pythonhosted.org/packages/b9/0a/a57caaff3bc880779317cb157e5b49dc47fad54effe027016abd355b0651/fonttools-4.54.1-cp312-cp312-win_amd64.whl", hash = "sha256:e4564cf40cebcb53f3dc825e85910bf54835e8a8b6880d59e5159f0f325e637e", size = 2200412 },
    { url = "https://files.pythonhosted.org/packages/05/3d/cc515cae84a11d696f2cb7c139a90997b15f02e2e97ec09a5d79302cbcd7/fonttools-4.54.1-cp313-cp313-macosx_10_13_universal2.whl", hash = "sha256:6e37561751b017cf5c40fce0d90fd9e8274716de327ec4ffb0df957160be3bff", size = 2749174 },
    { url = "https://files.pythonhosted.org/packages/03/03/05d4b22d1a674d066380657f60bbc0eda2d206446912e676d1a33a206878/fonttools-4.54.1-cp313-cp313-macosx_11_0_arm64.whl", hash = "sha256:357cacb988a18aace66e5e55fe1247f2ee706e01debc4b1a20d77400354cddeb", size = 2246267 },
    { url = "https://files.pythonhosted.org/packages/52/c3/bb6086adb675e8b0963a7dbb7769e7118c95b687dd318cd660aefd4b4c8c/fonttools-4.54.1-cp313-cp313-manylinux_2_5_x86_64.manylinux1_x86_64.manylinux_2_17_x86_64.manylinux2014_x86_64.whl", hash = "sha256:f8e953cc0bddc2beaf3a3c3b5dd9ab7554677da72dfaf46951e193c9653e515a", size = 4855090 },
    { url = "https://files.pythonhosted.org/packages/80/a1/d7192b6a104e3f9ea8e5b1c3463a6240399f0fa826a782eff636cbe0495a/fonttools-4.54.1-cp313-cp313-musllinux_1_2_x86_64.whl", hash = "sha256:58d29b9a294573d8319f16f2f79e42428ba9b6480442fa1836e4eb89c4d9d61c", size = 5005449 },
    { url = "https://files.pythonhosted.org/packages/5a/6c/ecfd5c6cd8c9006e85b128d073af26bb263e8aa47506374cb14b25bcf65f/fonttools-4.54.1-cp313-cp313-win32.whl", hash = "sha256:9ef1b167e22709b46bf8168368b7b5d3efeaaa746c6d39661c1b4405b6352e58", size = 2152496 },
    { url = "https://files.pythonhosted.org/packages/63/da/f7a1d837de419e3d4cccbd0dbf53c7399f610f65ceb9bcbf2480f3ae7950/fonttools-4.54.1-cp313-cp313-win_amd64.whl", hash = "sha256:262705b1663f18c04250bd1242b0515d3bbae177bee7752be67c979b7d47f43d", size = 2197257 },
    { url = "https://files.pythonhosted.org/packages/57/5e/de2e6e51cb6894f2f2bc2641f6c845561361b622e96df3cca04df77222c9/fonttools-4.54.1-py3-none-any.whl", hash = "sha256:37cddd62d83dc4f72f7c3f3c2bcf2697e89a30efb152079896544a93907733bd", size = 1096920 },
]

[[package]]
name = "mtqdm"
version = "0.1.0"
source = { virtual = "." }
dependencies = [
    { name = "rumps" },
    { name = "tqdm" },
]

[package.dev-dependencies]
dev = [
    { name = "fonttools" },
]

[package.metadata]
requires-dist = [
    { name = "rumps", specifier = ">=0.4.0" },
    { name = "tqdm", specifier = ">=4.67.0" },
]

[package.metadata.requires-dev]
dev = [{ name = "fonttools" }]

[[package]]
name = "pyobjc-core"
version = "10.3.1"
source = { registry = "https://pypi.org/simple" }
sdist = { url = "https://files.pythonhosted.org/packages/b7/40/a38d78627bd882d86c447db5a195ff307001ae02c1892962c656f2fd6b83/pyobjc_core-10.3.1.tar.gz", hash = "sha256:b204a80ccc070f9ab3f8af423a3a25a6fd787e228508d00c4c30f8ac538ba720", size = 935027 }
wheels = [
    { url = "https://files.pythonhosted.org/packages/cd/4d/d5d552b209fbca644cf9e0115a4cef8bc5f6726a44303eb7ae8d8a920a9e/pyobjc_core-10.3.1-cp312-cp312-macosx_10_9_universal2.whl", hash = "sha256:6ff5823d13d0a534cdc17fa4ad47cf5bee4846ce0fd27fc40012e12b46db571b", size = 825968 },
    { url = "https://files.pythonhosted.org/packages/2e/8b/341571ac5d625968083cbd718e1af7eac54197ed3d404dfff9467c3a8c88/pyobjc_core-10.3.1-cp313-cp313-macosx_10_13_universal2.whl", hash = "sha256:2581e8e68885bcb0e11ec619e81ef28e08ee3fac4de20d8cc83bc5af5bcf4a90", size = 827410 },
]

[[package]]
name = "pyobjc-framework-cocoa"
version = "10.3.1"
source = { registry = "https://pypi.org/simple" }
dependencies = [
    { name = "pyobjc-core" },
]
sdist = { url = "https://files.pythonhosted.org/packages/a7/6c/b62e31e6e00f24e70b62f680e35a0d663ba14ff7601ae591b5d20e251161/pyobjc_framework_cocoa-10.3.1.tar.gz", hash = "sha256:1cf20714daaa986b488fb62d69713049f635c9d41a60c8da97d835710445281a", size = 4941542 }
wheels = [
    { url = "https://files.pythonhosted.org/packages/29/73/9a913537d6d63758243f76a3d3acbae8eb77705c278eceaf37198e58dcf5/pyobjc_framework_Cocoa-10.3.1-cp312-cp312-macosx_10_9_universal2.whl", hash = "sha256:11b4e0bad4bbb44a4edda128612f03cdeab38644bbf174de0c13129715497296", size = 396183 },
    { url = "https://files.pythonhosted.org/packages/93/1f/b203c35ac17ff50b101433783988b527c1b7d7386c175c9aec1c89da5426/pyobjc_framework_Cocoa-10.3.1-cp313-cp313-macosx_10_13_universal2.whl", hash = "sha256:de5e62e5ccf2871a94acf3bf79646b20ea893cc9db78afa8d1fe1b0d0f7cbdb0", size = 395004 },
]

[[package]]
name = "rumps"
version = "0.4.0"
source = { registry = "https://pypi.org/simple" }
dependencies = [
    { name = "pyobjc-framework-cocoa" },
]
sdist = { url = "https://files.pythonhosted.org/packages/b2/e2/2e6a47951290bd1a2831dcc50aec4b25d104c0cf00e8b7868cbd29cf3bfe/rumps-0.4.0.tar.gz", hash = "sha256:17fb33c21b54b1e25db0d71d1d793dc19dc3c0b7d8c79dc6d833d0cffc8b1596", size = 39257 }

[[package]]
name = "tqdm"
version = "4.67.0"
source = { registry = "https://pypi.org/simple" }
dependencies = [
    { name = "colorama", marker = "platform_system == 'Windows'" },
]
sdist = { url = "https://files.pythonhosted.org/packages/e8/4f/0153c21dc5779a49a0598c445b1978126b1344bab9ee71e53e44877e14e0/tqdm-4.67.0.tar.gz", hash = "sha256:fe5a6f95e6fe0b9755e9469b77b9c3cf850048224ecaa8293d7d2d31f97d869a", size = 169739 }
wheels = [
    { url = "https://files.pythonhosted.org/packages/2b/78/57043611a16c655c8350b4c01b8d6abfb38cc2acb475238b62c2146186d7/tqdm-4.67.0-py3-none-any.whl", hash = "sha256:0cd8af9d56911acab92182e88d763100d4788bdf421d251616040cc4d44863be", size = 78590 },
]
